
Microsoft Visual Studio Solution File, Format Version 12.00
# Visual Studio Version 17
VisualStudioVersion = 17.7.34024.191
MinimumVisualStudioVersion = 10.0.40219.1
Project("{FAE04EC0-301F-11D3-BF4B-00C04F79EFBC}") = "Base.API", "Base.API\Base.API.csproj", "{7E401794-DA16-4B8A-B729-12281B995CC3}"
EndProject
Project("{FAE04EC0-301F-11D3-BF4B-00C04F79EFBC}") = "Base.Repositories", "Base.Repositories\Base.Repositories.csproj", "{FA568C75-7C09-4149-98AB-106A1DD7947A}"
EndProject
Project("{FAE04EC0-301F-11D3-BF4B-00C04F79EFBC}") = "Base.Services", "Base.Services\Base.Services.csproj", "{A7A4AA57-F8E5-48F5-B9BC-18A0D01FC45C}"
EndProject
Global
	GlobalSection(SolutionConfigurationPlatforms) = preSolution
		Debug|Any CPU = Debug|Any CPU
		Release|Any CPU = Release|Any CPU
	EndGlobalSection
	GlobalSection(ProjectConfigurationPlatforms) = postSolution
		{7E401794-DA16-4B8A-B729-12281B995CC3}.Debug|Any CPU.ActiveCfg = Debug|Any CPU
		{7E401794-DA16-4B8A-B729-12281B995CC3}.Debug|Any CPU.Build.0 = Debug|Any CPU
		{7E401794-DA16-4B8A-B729-12281B995CC3}.Release|Any CPU.ActiveCfg = Release|Any CPU
		{7E401794-DA16-4B8A-B729-12281B995CC3}.Release|Any CPU.Build.0 = Release|Any CPU
		{FA568C75-7C09-4149-98AB-106A1DD7947A}.Debug|Any CPU.ActiveCfg = Debug|Any CPU
		{FA568C75-7C09-4149-98AB-106A1DD7947A}.Debug|Any CPU.Build.0 = Debug|Any CPU
		{FA568C75-7C09-4149-98AB-106A1DD7947A}.Release|Any CPU.ActiveCfg = Release|Any CPU
		{FA568C75-7C09-4149-98AB-106A1DD7947A}.Release|Any CPU.Build.0 = Release|Any CPU
		{A7A4AA57-F8E5-48F5-B9BC-18A0D01FC45C}.Debug|Any CPU.ActiveCfg = Debug|Any CPU
		{A7A4AA57-F8E5-48F5-B9BC-18A0D01FC45C}.Debug|Any CPU.Build.0 = Debug|Any CPU
		{A7A4AA57-F8E5-48F5-B9BC-18A0D01FC45C}.Release|Any CPU.ActiveCfg = Release|Any CPU
		{A7A4AA57-F8E5-48F5-B9BC-18A0D01FC45C}.Release|Any CPU.Build.0 = Release|Any CPU
	EndGlobalSection
	GlobalSection(SolutionProperties) = preSolution
		HideSolutionNode = FALSE
	EndGlobalSection
	GlobalSection(ExtensibilityGlobals) = postSolution
		SolutionGuid = {7B9B6292-B796-49BA-95C5-EFDEC07DBADF}
	EndGlobalSection
EndGlobal
